
Microsoft Visual Studio Solution File, Format Version 12.00
# Visual Studio Version 16
VisualStudioVersion = 16.0.31229.75
MinimumVisualStudioVersion = 10.0.40219.1
Project("{9A19103F-16F7-4668-BE54-9A1E7A4F7556}") = "TestRabbitMQ.Send", "TestRabbitMQ\TestRabbitMQ.Send.csproj", "{EFF57EA6-5659-4EA6-9399-9C40117071E1}"
EndProject
Project("{9A19103F-16F7-4668-BE54-9A1E7A4F7556}") = "RabbitMQ.Receive", "RabbitMQ.Receive\RabbitMQ.Receive.csproj", "{DFCF56F6-CED9-4C3C-8164-EBC29A4BBA01}"
EndProject
Project("{2150E333-8FDC-42A3-9474-1A3956D46DE8}") = "简单队列模式", "简单队列模式", "{0A73FECD-81A8-4BBA-8154-FFCED50AC165}"
EndProject
Project("{2150E333-8FDC-42A3-9474-1A3956D46DE8}") = "fanout模式", "fanout模式", "{7219218D-D478-4871-BCDB-5F7D9CE63CDE}"
EndProject
Project("{FAE04EC0-301F-11D3-BF4B-00C04F79EFBC}") = "RabbitMQ.Exchange.Send", "RabbitMQ.Exchange.Send\RabbitMQ.Exchange.Send.csproj", "{807B3713-5B98-420E-83E4-759DEED497BE}"
EndProject
Project("{FAE04EC0-301F-11D3-BF4B-00C04F79EFBC}") = "RabbitMQ.Exchange.Receive", "RabbitMQ.Exchange.Receive\RabbitMQ.Exchange.Receive.csproj", "{FAD0995B-C385-405F-A7A1-37CB9E64025D}"
EndProject
Project("{2150E333-8FDC-42A3-9474-1A3956D46DE8}") = "direct", "direct", "{37B9AA9A-D6B2-4130-9E5D-5167578D0D9E}"
EndProject
Project("{FAE04EC0-301F-11D3-BF4B-00C04F79EFBC}") = "RabbitMQ.Direct.Send", "RabbitMQ.Direct.Send\RabbitMQ.Direct.Send.csproj", "{0C40CE2E-EDF4-4D13-AA92-1ABB14A480B0}"
EndProject
Project("{FAE04EC0-301F-11D3-BF4B-00C04F79EFBC}") = "RabbitMQ.Direct.Receive", "RabbitMQ.Direct.Receive\RabbitMQ.Direct.Receive.csproj", "{9FA3F715-5B4B-46A9-B469-B7F187D85136}"
EndProject
Project("{2150E333-8FDC-42A3-9474-1A3956D46DE8}") = "RPC", "RPC", "{FB7530B8-CA9F-4963-8B49-2C0C9C6536D1}"
EndProject
Project("{FAE04EC0-301F-11D3-BF4B-00C04F79EFBC}") = "RabbitMQ.RPC.Service", "RabbitMQ.RPC.Service\RabbitMQ.RPC.Service.csproj", "{C624E12A-D34A-42E8-88B8-4CF2096A0B60}"
EndProject
Project("{FAE04EC0-301F-11D3-BF4B-00C04F79EFBC}") = "RabbitMQ.RPC.Client", "RabbitMQ.RPC.Client\RabbitMQ.RPC.Client.csproj", "{AA182E8C-E4E6-48F6-84FA-009A592E5262}"
EndProject
Project("{2150E333-8FDC-42A3-9474-1A3956D46DE8}") = "EventBus", "EventBus", "{B2974D7C-A3EB-4B9A-A851-84BE8293156A}"
EndProject
Project("{FAE04EC0-301F-11D3-BF4B-00C04F79EFBC}") = "EventBus", "EventBus\EventBus.csproj", "{2D781F2E-A5B9-4B68-B1C1-4319F71DA14D}"
EndProject
Project("{FAE04EC0-301F-11D3-BF4B-00C04F79EFBC}") = "EventBusRabbitMQ", "EventBusRabbitMQ\EventBusRabbitMQ.csproj", "{84BFA48D-341A-4193-9AA2-EF6680478E59}"
EndProject
Project("{FAE04EC0-301F-11D3-BF4B-00C04F79EFBC}") = "EventBus.Send", "EventBus.Send\EventBus.Send.csproj", "{4FFCC86D-7DB0-41CA-8494-3DFD79004F78}"
EndProject
Global
	GlobalSection(SolutionConfigurationPlatforms) = preSolution
		Debug|Any CPU = Debug|Any CPU
		Release|Any CPU = Release|Any CPU
	EndGlobalSection
	GlobalSection(ProjectConfigurationPlatforms) = postSolution
		{EFF57EA6-5659-4EA6-9399-9C40117071E1}.Debug|Any CPU.ActiveCfg = Debug|Any CPU
		{EFF57EA6-5659-4EA6-9399-9C40117071E1}.Debug|Any CPU.Build.0 = Debug|Any CPU
		{EFF57EA6-5659-4EA6-9399-9C40117071E1}.Release|Any CPU.ActiveCfg = Release|Any CPU
		{EFF57EA6-5659-4EA6-9399-9C40117071E1}.Release|Any CPU.Build.0 = Release|Any CPU
		{DFCF56F6-CED9-4C3C-8164-EBC29A4BBA01}.Debug|Any CPU.ActiveCfg = Debug|Any CPU
		{DFCF56F6-CED9-4C3C-8164-EBC29A4BBA01}.Debug|Any CPU.Build.0 = Debug|Any CPU
		{DFCF56F6-CED9-4C3C-8164-EBC29A4BBA01}.Release|Any CPU.ActiveCfg = Release|Any CPU
		{DFCF56F6-CED9-4C3C-8164-EBC29A4BBA01}.Release|Any CPU.Build.0 = Release|Any CPU
		{807B3713-5B98-420E-83E4-759DEED497BE}.Debug|Any CPU.ActiveCfg = Debug|Any CPU
		{807B3713-5B98-420E-83E4-759DEED497BE}.Debug|Any CPU.Build.0 = Debug|Any CPU
		{807B3713-5B98-420E-83E4-759DEED497BE}.Release|Any CPU.ActiveCfg = Release|Any CPU
		{807B3713-5B98-420E-83E4-759DEED497BE}.Release|Any CPU.Build.0 = Release|Any CPU
		{FAD0995B-C385-405F-A7A1-37CB9E64025D}.Debug|Any CPU.ActiveCfg = Debug|Any CPU
		{FAD0995B-C385-405F-A7A1-37CB9E64025D}.Debug|Any CPU.Build.0 = Debug|Any CPU
		{FAD0995B-C385-405F-A7A1-37CB9E64025D}.Release|Any CPU.ActiveCfg = Release|Any CPU
		{FAD0995B-C385-405F-A7A1-37CB9E64025D}.Release|Any CPU.Build.0 = Release|Any CPU
		{0C40CE2E-EDF4-4D13-AA92-1ABB14A480B0}.Debug|Any CPU.ActiveCfg = Debug|Any CPU
		{0C40CE2E-EDF4-4D13-AA92-1ABB14A480B0}.Debug|Any CPU.Build.0 = Debug|Any CPU
		{0C40CE2E-EDF4-4D13-AA92-1ABB14A480B0}.Release|Any CPU.ActiveCfg = Release|Any CPU
		{0C40CE2E-EDF4-4D13-AA92-1ABB14A480B0}.Release|Any CPU.Build.0 = Release|Any CPU
		{9FA3F715-5B4B-46A9-B469-B7F187D85136}.Debug|Any CPU.ActiveCfg = Debug|Any CPU
		{9FA3F715-5B4B-46A9-B469-B7F187D85136}.Debug|Any CPU.Build.0 = Debug|Any CPU
		{9FA3F715-5B4B-46A9-B469-B7F187D85136}.Release|Any CPU.ActiveCfg = Release|Any CPU
		{9FA3F715-5B4B-46A9-B469-B7F187D85136}.Release|Any CPU.Build.0 = Release|Any CPU
		{C624E12A-D34A-42E8-88B8-4CF2096A0B60}.Debug|Any CPU.ActiveCfg = Debug|Any CPU
		{C624E12A-D34A-42E8-88B8-4CF2096A0B60}.Debug|Any CPU.Build.0 = Debug|Any CPU
		{C624E12A-D34A-42E8-88B8-4CF2096A0B60}.Release|Any CPU.ActiveCfg = Release|Any CPU
		{C624E12A-D34A-42E8-88B8-4CF2096A0B60}.Release|Any CPU.Build.0 = Release|Any CPU
		{AA182E8C-E4E6-48F6-84FA-009A592E5262}.Debug|Any CPU.ActiveCfg = Debug|Any CPU
		{AA182E8C-E4E6-48F6-84FA-009A592E5262}.Debug|Any CPU.Build.0 = Debug|Any CPU
		{AA182E8C-E4E6-48F6-84FA-009A592E5262}.Release|Any CPU.ActiveCfg = Release|Any CPU
		{AA182E8C-E4E6-48F6-84FA-009A592E5262}.Release|Any CPU.Build.0 = Release|Any CPU
		{2D781F2E-A5B9-4B68-B1C1-4319F71DA14D}.Debug|Any CPU.ActiveCfg = Debug|Any CPU
		{2D781F2E-A5B9-4B68-B1C1-4319F71DA14D}.Debug|Any CPU.Build.0 = Debug|Any CPU
		{2D781F2E-A5B9-4B68-B1C1-4319F71DA14D}.Release|Any CPU.ActiveCfg = Release|Any CPU
		{2D781F2E-A5B9-4B68-B1C1-4319F71DA14D}.Release|Any CPU.Build.0 = Release|Any CPU
		{84BFA48D-341A-4193-9AA2-EF6680478E59}.Debug|Any CPU.ActiveCfg = Debug|Any CPU
		{84BFA48D-341A-4193-9AA2-EF6680478E59}.Debug|Any CPU.Build.0 = Debug|Any CPU
		{84BFA48D-341A-4193-9AA2-EF6680478E59}.Release|Any CPU.ActiveCfg = Release|Any CPU
		{84BFA48D-341A-4193-9AA2-EF6680478E59}.Release|Any CPU.Build.0 = Release|Any CPU
		{4FFCC86D-7DB0-41CA-8494-3DFD79004F78}.Debug|Any CPU.ActiveCfg = Debug|Any CPU
		{4FFCC86D-7DB0-41CA-8494-3DFD79004F78}.Debug|Any CPU.Build.0 = Debug|Any CPU
		{4FFCC86D-7DB0-41CA-8494-3DFD79004F78}.Release|Any CPU.ActiveCfg = Release|Any CPU
		{4FFCC86D-7DB0-41CA-8494-3DFD79004F78}.Release|Any CPU.Build.0 = Release|Any CPU
	EndGlobalSection
	GlobalSection(SolutionProperties) = preSolution
		HideSolutionNode = FALSE
	EndGlobalSection
	GlobalSection(NestedProjects) = preSolution
		{EFF57EA6-5659-4EA6-9399-9C40117071E1} = {0A73FECD-81A8-4BBA-8154-FFCED50AC165}
		{DFCF56F6-CED9-4C3C-8164-EBC29A4BBA01} = {0A73FECD-81A8-4BBA-8154-FFCED50AC165}
		{807B3713-5B98-420E-83E4-759DEED497BE} = {7219218D-D478-4871-BCDB-5F7D9CE63CDE}
		{FAD0995B-C385-405F-A7A1-37CB9E64025D} = {7219218D-D478-4871-BCDB-5F7D9CE63CDE}
		{0C40CE2E-EDF4-4D13-AA92-1ABB14A480B0} = {37B9AA9A-D6B2-4130-9E5D-5167578D0D9E}
		{9FA3F715-5B4B-46A9-B469-B7F187D85136} = {37B9AA9A-D6B2-4130-9E5D-5167578D0D9E}
		{C624E12A-D34A-42E8-88B8-4CF2096A0B60} = {FB7530B8-CA9F-4963-8B49-2C0C9C6536D1}
		{AA182E8C-E4E6-48F6-84FA-009A592E5262} = {FB7530B8-CA9F-4963-8B49-2C0C9C6536D1}
		{2D781F2E-A5B9-4B68-B1C1-4319F71DA14D} = {B2974D7C-A3EB-4B9A-A851-84BE8293156A}
		{84BFA48D-341A-4193-9AA2-EF6680478E59} = {B2974D7C-A3EB-4B9A-A851-84BE8293156A}
		{4FFCC86D-7DB0-41CA-8494-3DFD79004F78} = {B2974D7C-A3EB-4B9A-A851-84BE8293156A}
	EndGlobalSection
	GlobalSection(ExtensibilityGlobals) = postSolution
		SolutionGuid = {6F0F9E79-EC43-4CD3-9F43-3C72916D46E7}
	EndGlobalSection
EndGlobal
